// !$*UTF8*$!
{
	archiveVersion = 1;
	classes = {
	};
	objectVersion = 55;
	objects = {

/* Begin PBXBuildFile section */
		A82CC99C2C41648E00BE5510 /* AppDelegate.swift in Sources */ = {isa = PBXBuildFile; fileRef = A82CC99B2C41648E00BE5510 /* AppDelegate.swift */; };
		A82CC9A52C41648F00BE5510 /* Assets.xcassets in Resources */ = {isa = PBXBuildFile; fileRef = A82CC9A42C41648F00BE5510 /* Assets.xcassets */; };
		A8CB55DE2C4170660018B137 /* LaunchScreen.storyboard in Resources */ = {isa = PBXBuildFile; fileRef = A8CB55DC2C4170660018B137 /* LaunchScreen.storyboard */; };
		A8CB55E32C4170D10018B137 /* MainViewController.swift in Sources */ = {isa = PBXBuildFile; fileRef = A8CB55E12C4170D10018B137 /* MainViewController.swift */; };
		A8CB55E42C4170D10018B137 /* MainViewController.xib in Resources */ = {isa = PBXBuildFile; fileRef = A8CB55E22C4170D10018B137 /* MainViewController.xib */; };
		A8CB55EA2C41717D0018B137 /* Extensions.swift in Sources */ = {isa = PBXBuildFile; fileRef = A8CB55E92C41717D0018B137 /* Extensions.swift */; };
/* End PBXBuildFile section */

/* Begin PBXFileReference section */
		A82CC9982C41648E00BE5510 /* Football App.app */ = {isa = PBXFileReference; explicitFileType = wrapper.application; includeInIndex = 0; path = "Football App.app"; sourceTree = BUILT_PRODUCTS_DIR; };
		A82CC99B2C41648E00BE5510 /* AppDelegate.swift */ = {isa = PBXFileReference; lastKnownFileType = sourcecode.swift; path = AppDelegate.swift; sourceTree = "<group>"; };
		A82CC9A42C41648F00BE5510 /* Assets.xcassets */ = {isa = PBXFileReference; lastKnownFileType = folder.assetcatalog; path = Assets.xcassets; sourceTree = "<group>"; };
		A82CC9A92C41648F00BE5510 /* Info.plist */ = {isa = PBXFileReference; lastKnownFileType = text.plist.xml; path = Info.plist; sourceTree = "<group>"; };
		A8CB55DD2C4170660018B137 /* Base */ = {isa = PBXFileReference; lastKnownFileType = file.storyboard; name = Base; path = "Football App/Base.lproj/LaunchScreen.storyboard"; sourceTree = "<group>"; };
		A8CB55E12C4170D10018B137 /* MainViewController.swift */ = {isa = PBXFileReference; lastKnownFileType = sourcecode.swift; path = MainViewController.swift; sourceTree = "<group>"; };
		A8CB55E22C4170D10018B137 /* MainViewController.xib */ = {isa = PBXFileReference; lastKnownFileType = file.xib; path = MainViewController.xib; sourceTree = "<group>"; };
		A8CB55E92C41717D0018B137 /* Extensions.swift */ = {isa = PBXFileReference; lastKnownFileType = sourcecode.swift; path = Extensions.swift; sourceTree = "<group>"; };
/* End PBXFileReference section */

/* Begin PBXFrameworksBuildPhase section */
		A82CC9952C41648E00BE5510 /* Frameworks */ = {
			isa = PBXFrameworksBuildPhase;
			buildActionMask = 2147483647;
			files = (
			);
			runOnlyForDeploymentPostprocessing = 0;
		};
/* End PBXFrameworksBuildPhase section */

/* Begin PBXGroup section */
		A82CC98F2C41648E00BE5510 = {
			isa = PBXGroup;
			children = (
				A82CC99A2C41648E00BE5510 /* Football App */,
				A82CC9992C41648E00BE5510 /* Products */,
			);
			sourceTree = "<group>";
		};
		A82CC9992C41648E00BE5510 /* Products */ = {
			isa = PBXGroup;
			children = (
				A82CC9982C41648E00BE5510 /* Football App.app */,
			);
			name = Products;
			sourceTree = "<group>";
		};
		A82CC99A2C41648E00BE5510 /* Football App */ = {
			isa = PBXGroup;
			children = (
				A8CB55E52C4171010018B137 /* Application */,
				A8CB55DF2C4170AA0018B137 /* Controllers */,
				A8CB55E62C4171150018B137 /* Models */,
				A8CB55E72C41711D0018B137 /* Servcies */,
				A8CB55E82C4171240018B137 /* Resources */,
			);
			path = "Football App";
			sourceTree = "<group>";
		};
		A8CB55DF2C4170AA0018B137 /* Controllers */ = {
			isa = PBXGroup;
			children = (
				A8CB55E02C4170B90018B137 /* MainViewController */,
			);
			path = Controllers;
			sourceTree = "<group>";
		};
		A8CB55E02C4170B90018B137 /* MainViewController */ = {
			isa = PBXGroup;
			children = (
				A8CB55E12C4170D10018B137 /* MainViewController.swift */,
				A8CB55E22C4170D10018B137 /* MainViewController.xib */,
			);
			path = MainViewController;
			sourceTree = "<group>";
		};
		A8CB55E52C4171010018B137 /* Application */ = {
			isa = PBXGroup;
			children = (
				A82CC99B2C41648E00BE5510 /* AppDelegate.swift */,
				A8CB55E92C41717D0018B137 /* Extensions.swift */,
				A82CC9A92C41648F00BE5510 /* Info.plist */,
			);
			path = Application;
			sourceTree = "<group>";
		};
		A8CB55E62C4171150018B137 /* Models */ = {
			isa = PBXGroup;
			children = (
			);
			path = Models;
			sourceTree = "<group>";
		};
		A8CB55E72C41711D0018B137 /* Servcies */ = {
			isa = PBXGroup;
			children = (
			);
			path = Servcies;
			sourceTree = "<group>";
		};
		A8CB55E82C4171240018B137 /* Resources */ = {
			isa = PBXGroup;
			children = (
				A82CC9A42C41648F00BE5510 /* Assets.xcassets */,
				A8CB55DC2C4170660018B137 /* LaunchScreen.storyboard */,
			);
			path = Resources;
			sourceTree = "<group>";
		};
/* End PBXGroup section */

/* Begin PBXNativeTarget section */
		A82CC9972C41648E00BE5510 /* Football App */ = {
			isa = PBXNativeTarget;
			buildConfigurationList = A82CC9AC2C41648F00BE5510 /* Build configuration list for PBXNativeTarget "Football App" */;
			buildPhases = (
				A82CC9942C41648E00BE5510 /* Sources */,
				A82CC9952C41648E00BE5510 /* Frameworks */,
				A82CC9962C41648E00BE5510 /* Resources */,
			);
			buildRules = (
			);
			dependencies = (
			);
			name = "Football App";
			productName = "Football App";
			productReference = A82CC9982C41648E00BE5510 /* Football App.app */;
			productType = "com.apple.product-type.application";
		};
/* End PBXNativeTarget section */

/* Begin PBXProject section */
		A82CC9902C41648E00BE5510 /* Project object */ = {
			isa = PBXProject;
			attributes = {
				BuildIndependentTargetsInParallel = 1;
				LastSwiftUpdateCheck = 1320;
				LastUpgradeCheck = 1320;
				TargetAttributes = {
					A82CC9972C41648E00BE5510 = {
						CreatedOnToolsVersion = 13.2.1;
					};
				};
			};
			buildConfigurationList = A82CC9932C41648E00BE5510 /* Build configuration list for PBXProject "Football App" */;
			compatibilityVersion = "Xcode 13.0";
			developmentRegion = en;
			hasScannedForEncodings = 0;
			knownRegions = (
				en,
				Base,
			);
			mainGroup = A82CC98F2C41648E00BE5510;
			productRefGroup = A82CC9992C41648E00BE5510 /* Products */;
			projectDirPath = "";
			projectRoot = "";
			targets = (
				A82CC9972C41648E00BE5510 /* Football App */,
			);
		};
/* End PBXProject section */

/* Begin PBXResourcesBuildPhase section */
		A82CC9962C41648E00BE5510 /* Resources */ = {
			isa = PBXResourcesBuildPhase;
			buildActionMask = 2147483647;
			files = (
				A82CC9A52C41648F00BE5510 /* Assets.xcassets in Resources */,
				A8CB55E42C4170D10018B137 /* MainViewController.xib in Resources */,
				A8CB55DE2C4170660018B137 /* LaunchScreen.storyboard in Resources */,
			);
			runOnlyForDeploymentPostprocessing = 0;
		};
/* End PBXResourcesBuildPhase section */

/* Begin PBXSourcesBuildPhase section */
		A82CC9942C41648E00BE5510 /* Sources */ = {
			isa = PBXSourcesBuildPhase;
			buildActionMask = 2147483647;
			files = (
				A82CC99C2C41648E00BE5510 /* AppDelegate.swift in Sources */,
				A8CB55EA2C41717D0018B137 /* Extensions.swift in Sources */,
				A8CB55E32C4170D10018B137 /* MainViewController.swift in Sources */,
			);
			runOnlyForDeploymentPostprocessing = 0;
		};
/* End PBXSourcesBuildPhase section */

/* Begin PBXVariantGroup section */
		A8CB55DC2C4170660018B137 /* LaunchScreen.storyboard */ = {
			isa = PBXVariantGroup;
			children = (
				A8CB55DD2C4170660018B137 /* Base */,
			);
			name = LaunchScreen.storyboard;
			sourceTree = "<group>";
		};
/* End PBXVariantGroup section */

/* Begin XCBuildConfiguration section */
		A82CC9AA2C41648F00BE5510 /* Debug */ = {
			isa = XCBuildConfiguration;
			buildSettings = {
				ALWAYS_SEARCH_USER_PATHS = NO;
				CLANG_ANALYZER_NONNULL = YES;
				CLANG_ANALYZER_NUMBER_OBJECT_CONVERSION = YES_AGGRESSIVE;
				CLANG_CXX_LANGUAGE_STANDARD = "gnu++17";
				CLANG_CXX_LIBRARY = "libc++";
				CLANG_ENABLE_MODULES = YES;
				CLANG_ENABLE_OBJC_ARC = YES;
				CLANG_ENABLE_OBJC_WEAK = YES;
				CLANG_WARN_BLOCK_CAPTURE_AUTORELEASING = YES;
				CLANG_WARN_BOOL_CONVERSION = YES;
				CLANG_WARN_COMMA = YES;
				CLANG_WARN_CONSTANT_CONVERSION = YES;
				CLANG_WARN_DEPRECATED_OBJC_IMPLEMENTATIONS = YES;
				CLANG_WARN_DIRECT_OBJC_ISA_USAGE = YES_ERROR;
				CLANG_WARN_DOCUMENTATION_COMMENTS = YES;
				CLANG_WARN_EMPTY_BODY = YES;
				CLANG_WARN_ENUM_CONVERSION = YES;
				CLANG_WARN_INFINITE_RECURSION = YES;
				CLANG_WARN_INT_CONVERSION = YES;
				CLANG_WARN_NON_LITERAL_NULL_CONVERSION = YES;
				CLANG_WARN_OBJC_IMPLICIT_RETAIN_SELF = YES;
				CLANG_WARN_OBJC_LITERAL_CONVERSION = YES;
				CLANG_WARN_OBJC_ROOT_CLASS = YES_ERROR;
				CLANG_WARN_QUOTED_INCLUDE_IN_FRAMEWORK_HEADER = YES;
				CLANG_WARN_RANGE_LOOP_ANALYSIS = YES;
				CLANG_WARN_STRICT_PROTOTYPES = YES;
				CLANG_WARN_SUSPICIOUS_MOVE = YES;
				CLANG_WARN_UNGUARDED_AVAILABILITY = YES_AGGRESSIVE;
				CLANG_WARN_UNREACHABLE_CODE = YES;
				CLANG_WARN__DUPLICATE_METHOD_MATCH = YES;
				COPY_PHASE_STRIP = NO;
				DEBUG_INFORMATION_FORMAT = dwarf;
				ENABLE_STRICT_OBJC_MSGSEND = YES;
				ENABLE_TESTABILITY = YES;
				GCC_C_LANGUAGE_STANDARD = gnu11;
				GCC_DYNAMIC_NO_PIC = NO;
				GCC_NO_COMMON_BLOCKS = YES;
				GCC_OPTIMIZATION_LEVEL = 0;
				GCC_PREPROCESSOR_DEFINITIONS = (
					"DEBUG=1",
					"$(inherited)",
				);
				GCC_WARN_64_TO_32_BIT_CONVERSION = YES;
				GCC_WARN_ABOUT_RETURN_TYPE = YES_ERROR;
				GCC_WARN_UNDECLARED_SELECTOR = YES;
				GCC_WARN_UNINITIALIZED_AUTOS = YES_AGGRESSIVE;
				GCC_WARN_UNUSED_FUNCTION = YES;
				GCC_WARN_UNUSED_VARIABLE = YES;
				IPHONEOS_DEPLOYMENT_TARGET = 15.2;
				MTL_ENABLE_DEBUG_INFO = INCLUDE_SOURCE;
				MTL_FAST_MATH = YES;
				ONLY_ACTIVE_ARCH = YES;
				SDKROOT = iphoneos;
				SWIFT_ACTIVE_COMPILATION_CONDITIONS = DEBUG;
				SWIFT_OPTIMIZATION_LEVEL = "-Onone";
			};
			name = Debug;
		};
		A82CC9AB2C41648F00BE5510 /* Release */ = {
			isa = XCBuildConfiguration;
			buildSettings = {
				ALWAYS_SEARCH_USER_PATHS = NO;
				CLANG_ANALYZER_NONNULL = YES;
				CLANG_ANALYZER_NUMBER_OBJECT_CONVERSION = YES_AGGRESSIVE;
				CLANG_CXX_LANGUAGE_STANDARD = "gnu++17";
				CLANG_CXX_LIBRARY = "libc++";
				CLANG_ENABLE_MODULES = YES;
				CLANG_ENABLE_OBJC_ARC = YES;
				CLANG_ENABLE_OBJC_WEAK = YES;
				CLANG_WARN_BLOCK_CAPTURE_AUTORELEASING = YES;
				CLANG_WARN_BOOL_CONVERSION = YES;
				CLANG_WARN_COMMA = YES;
				CLANG_WARN_CONSTANT_CONVERSION = YES;
				CLANG_WARN_DEPRECATED_OBJC_IMPLEMENTATIONS = YES;
				CLANG_WARN_DIRECT_OBJC_ISA_USAGE = YES_ERROR;
				CLANG_WARN_DOCUMENTATION_COMMENTS = YES;
				CLANG_WARN_EMPTY_BODY = YES;
				CLANG_WARN_ENUM_CONVERSION = YES;
				CLANG_WARN_INFINITE_RECURSION = YES;
				CLANG_WARN_INT_CONVERSION = YES;
				CLANG_WARN_NON_LITERAL_NULL_CONVERSION = YES;
				CLANG_WARN_OBJC_IMPLICIT_RETAIN_SELF = YES;
				CLANG_WARN_OBJC_LITERAL_CONVERSION = YES;
				CLANG_WARN_OBJC_ROOT_CLASS = YES_ERROR;
				CLANG_WARN_QUOTED_INCLUDE_IN_FRAMEWORK_HEADER = YES;
				CLANG_WARN_RANGE_LOOP_ANALYSIS = YES;
				CLANG_WARN_STRICT_PROTOTYPES = YES;
				CLANG_WARN_SUSPICIOUS_MOVE = YES;
				CLANG_WARN_UNGUARDED_AVAILABILITY = YES_AGGRESSIVE;
				CLANG_WARN_UNREACHABLE_CODE = YES;
				CLANG_WARN__DUPLICATE_METHOD_MATCH = YES;
				COPY_PHASE_STRIP = NO;
				DEBUG_INFORMATION_FORMAT = "dwarf-with-dsym";
				ENABLE_NS_ASSERTIONS = NO;
				ENABLE_STRICT_OBJC_MSGSEND = YES;
				GCC_C_LANGUAGE_STANDARD = gnu11;
				GCC_NO_COMMON_BLOCKS = YES;
				GCC_WARN_64_TO_32_BIT_CONVERSION = YES;
				GCC_WARN_ABOUT_RETURN_TYPE = YES_ERROR;
				GCC_WARN_UNDECLARED_SELECTOR = YES;
				GCC_WARN_UNINITIALIZED_AUTOS = YES_AGGRESSIVE;
				GCC_WARN_UNUSED_FUNCTION = YES;
				GCC_WARN_UNUSED_VARIABLE = YES;
				IPHONEOS_DEPLOYMENT_TARGET = 15.2;
				MTL_ENABLE_DEBUG_INFO = NO;
				MTL_FAST_MATH = YES;
				SDKROOT = iphoneos;
				SWIFT_COMPILATION_MODE = wholemodule;
				SWIFT_OPTIMIZATION_LEVEL = "-O";
				VALIDATE_PRODUCT = YES;
			};
			name = Release;
		};
		A82CC9AD2C41648F00BE5510 /* Debug */ = {
			isa = XCBuildConfiguration;
			buildSettings = {
				ASSETCATALOG_COMPILER_APPICON_NAME = AppIcon;
				ASSETCATALOG_COMPILER_GLOBAL_ACCENT_COLOR_NAME = AccentColor;
				CODE_SIGN_STYLE = Automatic;
				CURRENT_PROJECT_VERSION = 1;
				DEVELOPMENT_TEAM = BR2TY2CKR7;
				GENERATE_INFOPLIST_FILE = YES;
				INFOPLIST_FILE = "Football App/Application/Info.plist";
				INFOPLIST_KEY_UIApplicationSupportsIndirectInputEvents = YES;
				INFOPLIST_KEY_UILaunchStoryboardName = LaunchScreen;
				INFOPLIST_KEY_UISupportedInterfaceOrientations_iPad = "UIInterfaceOrientationPortrait UIInterfaceOrientationPortraitUpsideDown UIInterfaceOrientationLandscapeLeft UIInterfaceOrientationLandscapeRight";
				INFOPLIST_KEY_UISupportedInterfaceOrientations_iPhone = "UIInterfaceOrientationPortrait UIInterfaceOrientationLandscapeLeft UIInterfaceOrientationLandscapeRight";
				LD_RUNPATH_SEARCH_PATHS = (
					"$(inherited)",
					"@executable_path/Frameworks",
				);
				MARKETING_VERSION = 1.0;
				PRODUCT_BUNDLE_IDENTIFIER = "com.arseburger.Football-App";
				PRODUCT_NAME = "$(TARGET_NAME)";
				SWIFT_EMIT_LOC_STRINGS = YES;
				SWIFT_VERSION = 5.0;
				TARGETED_DEVICE_FAMILY = 1;
			};
			name = Debug;
		};
		A82CC9AE2C41648F00BE5510 /* Release */ = {
			isa = XCBuildConfiguration;
			buildSettings = {
				ASSETCATALOG_COMPILER_APPICON_NAME = AppIcon;
				ASSETCATALOG_COMPILER_GLOBAL_ACCENT_COLOR_NAME = AccentColor;
				CODE_SIGN_STYLE = Automatic;
				CURRENT_PROJECT_VERSION = 1;
				DEVELOPMENT_TEAM = BR2TY2CKR7;
				GENERATE_INFOPLIST_FILE = YES;
				INFOPLIST_FILE = "Football App/Application/Info.plist";
				INFOPLIST_KEY_UIApplicationSupportsIndirectInputEvents = YES;
				INFOPLIST_KEY_UILaunchStoryboardName = LaunchScreen;
				INFOPLIST_KEY_UISupportedInterfaceOrientations_iPad = "UIInterfaceOrientationPortrait UIInterfaceOrientationPortraitUpsideDown UIInterfaceOrientationLandscapeLeft UIInterfaceOrientationLandscapeRight";
				INFOPLIST_KEY_UISupportedInterfaceOrientations_iPhone = "UIInterfaceOrientationPortrait UIInterfaceOrientationLandscapeLeft UIInterfaceOrientationLandscapeRight";
				LD_RUNPATH_SEARCH_PATHS = (
					"$(inherited)",
					"@executable_path/Frameworks",
				);
				MARKETING_VERSION = 1.0;
				PRODUCT_BUNDLE_IDENTIFIER = "com.arseburger.Football-App";
				PRODUCT_NAME = "$(TARGET_NAME)";
				SWIFT_EMIT_LOC_STRINGS = YES;
				SWIFT_VERSION = 5.0;
				TARGETED_DEVICE_FAMILY = 1;
			};
			name = Release;
		};
/* End XCBuildConfiguration section */

/* Begin XCConfigurationList section */
		A82CC9932C41648E00BE5510 /* Build configuration list for PBXProject "Football App" */ = {
			isa = XCConfigurationList;
			buildConfigurations = (
				A82CC9AA2C41648F00BE5510 /* Debug */,
				A82CC9AB2C41648F00BE5510 /* Release */,
			);
			defaultConfigurationIsVisible = 0;
			defaultConfigurationName = Release;
		};
		A82CC9AC2C41648F00BE5510 /* Build configuration list for PBXNativeTarget "Football App" */ = {
			isa = XCConfigurationList;
			buildConfigurations = (
				A82CC9AD2C41648F00BE5510 /* Debug */,
				A82CC9AE2C41648F00BE5510 /* Release */,
			);
			defaultConfigurationIsVisible = 0;
			defaultConfigurationName = Release;
		};
/* End XCConfigurationList section */
	};
	rootObject = A82CC9902C41648E00BE5510 /* Project object */;
}
